
Microsoft Visual Studio Solution File, Format Version 12.00
# Visual Studio Version 16
VisualStudioVersion = 16.0.30128.74
MinimumVisualStudioVersion = 10.0.40219.1
Project("{9A19103F-16F7-4668-BE54-9A1E7A4F7556}") = "LinqSpecs", "LinqSpecs\LinqSpecs.csproj", "{D60875A3-0DE2-409D-86A0-F540224D054C}"
EndProject
Project("{9A19103F-16F7-4668-BE54-9A1E7A4F7556}") = "LinqSpecs.UnitTests", "LinqSpecs.UnitTests\LinqSpecs.UnitTests.csproj", "{0FBC6204-F18A-4D96-9C5E-39F925E7427C}"
EndProject
Project("{2150E333-8FDC-42A3-9474-1A3956D46DE8}") = "Solution Items", "Solution Items", "{F7AD41A5-AE94-4151-9527-13EC4FFA18C8}"
	ProjectSection(SolutionItems) = preProject
		.editorconfig = .editorconfig
	EndProjectSection
EndProject
Global
	GlobalSection(SolutionConfigurationPlatforms) = preSolution
		Debug|Any CPU = Debug|Any CPU
		Release|Any CPU = Release|Any CPU
	EndGlobalSection
	GlobalSection(ProjectConfigurationPlatforms) = postSolution
		{D60875A3-0DE2-409D-86A0-F540224D054C}.Debug|Any CPU.ActiveCfg = Debug|Any CPU
		{D60875A3-0DE2-409D-86A0-F540224D054C}.Debug|Any CPU.Build.0 = Debug|Any CPU
		{D60875A3-0DE2-409D-86A0-F540224D054C}.Release|Any CPU.ActiveCfg = Release|Any CPU
		{D60875A3-0DE2-409D-86A0-F540224D054C}.Release|Any CPU.Build.0 = Release|Any CPU
		{0FBC6204-F18A-4D96-9C5E-39F925E7427C}.Debug|Any CPU.ActiveCfg = Debug|Any CPU
		{0FBC6204-F18A-4D96-9C5E-39F925E7427C}.Debug|Any CPU.Build.0 = Debug|Any CPU
		{0FBC6204-F18A-4D96-9C5E-39F925E7427C}.Release|Any CPU.ActiveCfg = Release|Any CPU
		{0FBC6204-F18A-4D96-9C5E-39F925E7427C}.Release|Any CPU.Build.0 = Release|Any CPU
	EndGlobalSection
	GlobalSection(SolutionProperties) = preSolution
		HideSolutionNode = FALSE
	EndGlobalSection
	GlobalSection(ExtensibilityGlobals) = postSolution
		SolutionGuid = {2B57D1D0-447D-4C30-A33C-51CA138160CE}
	EndGlobalSection
EndGlobal
